
Microsoft Visual Studio Solution File, Format Version 12.00
# Visual Studio Version 16
VisualStudioVersion = 16.0.30517.126
MinimumVisualStudioVersion = 10.0.40219.1
Project("{FAE04EC0-301F-11D3-BF4B-00C04F79EFBC}") = "ClearDirectory", "ClearDirectory\ClearDirectory.csproj", "{CF760150-6277-4DFC-818B-B6710E01E64B}"
EndProject
Project("{FAE04EC0-301F-11D3-BF4B-00C04F79EFBC}") = "CreateDirectory", "CreateDirectory\CreateDirectory.csproj", "{36E3587A-2602-4ACC-9A2D-26E3419AFA3B}"
EndProject
Global
	GlobalSection(SolutionConfigurationPlatforms) = preSolution
		Debug|Any CPU = Debug|Any CPU
		Release|Any CPU = Release|Any CPU
	EndGlobalSection
	GlobalSection(ProjectConfigurationPlatforms) = postSolution
		{CF760150-6277-4DFC-818B-B6710E01E64B}.Debug|Any CPU.ActiveCfg = Debug|Any CPU
		{CF760150-6277-4DFC-818B-B6710E01E64B}.Debug|Any CPU.Build.0 = Debug|Any CPU
		{CF760150-6277-4DFC-818B-B6710E01E64B}.Release|Any CPU.ActiveCfg = Release|Any CPU
		{CF760150-6277-4DFC-818B-B6710E01E64B}.Release|Any CPU.Build.0 = Release|Any CPU
		{36E3587A-2602-4ACC-9A2D-26E3419AFA3B}.Debug|Any CPU.ActiveCfg = Debug|Any CPU
		{36E3587A-2602-4ACC-9A2D-26E3419AFA3B}.Debug|Any CPU.Build.0 = Debug|Any CPU
		{36E3587A-2602-4ACC-9A2D-26E3419AFA3B}.Release|Any CPU.ActiveCfg = Release|Any CPU
		{36E3587A-2602-4ACC-9A2D-26E3419AFA3B}.Release|Any CPU.Build.0 = Release|Any CPU
	EndGlobalSection
	GlobalSection(SolutionProperties) = preSolution
		HideSolutionNode = FALSE
	EndGlobalSection
	GlobalSection(ExtensibilityGlobals) = postSolution
		SolutionGuid = {98BEF424-BC0E-4E38-BF9D-6E9BAE08C8F9}
	EndGlobalSection
EndGlobal
